
Microsoft Visual Studio Solution File, Format Version 12.00
# Visual Studio Version 17
VisualStudioVersion = 17.7.34031.279
MinimumVisualStudioVersion = 10.0.40219.1
Project("{9A19103F-16F7-4668-BE54-9A1E7A4F7556}") = "DiscordBot", "DiscordBot\DiscordBot.csproj", "{14FEC58D-EFA6-4216-A139-3DF7F60A220A}"
EndProject
Project("{FAE04EC0-301F-11D3-BF4B-00C04F79EFBC}") = "MorrighanStarter", "MorrighanStarter\MorrighanStarter.csproj", "{9D6425C3-0E85-49D8-8C37-3C4EF27023AB}"
EndProject
Global
	GlobalSection(SolutionConfigurationPlatforms) = preSolution
		Debug|Any CPU = Debug|Any CPU
		Release|Any CPU = Release|Any CPU
	EndGlobalSection
	GlobalSection(ProjectConfigurationPlatforms) = postSolution
		{14FEC58D-EFA6-4216-A139-3DF7F60A220A}.Debug|Any CPU.ActiveCfg = Debug|Any CPU
		{14FEC58D-EFA6-4216-A139-3DF7F60A220A}.Debug|Any CPU.Build.0 = Debug|Any CPU
		{14FEC58D-EFA6-4216-A139-3DF7F60A220A}.Release|Any CPU.ActiveCfg = Release|Any CPU
		{14FEC58D-EFA6-4216-A139-3DF7F60A220A}.Release|Any CPU.Build.0 = Release|Any CPU
		{9D6425C3-0E85-49D8-8C37-3C4EF27023AB}.Debug|Any CPU.ActiveCfg = Debug|Any CPU
		{9D6425C3-0E85-49D8-8C37-3C4EF27023AB}.Debug|Any CPU.Build.0 = Debug|Any CPU
		{9D6425C3-0E85-49D8-8C37-3C4EF27023AB}.Release|Any CPU.ActiveCfg = Release|Any CPU
		{9D6425C3-0E85-49D8-8C37-3C4EF27023AB}.Release|Any CPU.Build.0 = Release|Any CPU
	EndGlobalSection
	GlobalSection(SolutionProperties) = preSolution
		HideSolutionNode = FALSE
	EndGlobalSection
	GlobalSection(ExtensibilityGlobals) = postSolution
		SolutionGuid = {1D0C877D-9969-41DF-9010-7B03CC8AC7F4}
	EndGlobalSection
EndGlobal
